
Microsoft Visual Studio Solution File, Format Version 12.00
# Visual Studio Version 17
VisualStudioVersion = 17.0.32014.148
MinimumVisualStudioVersion = 10.0.40219.1
Project("{9A19103F-16F7-4668-BE54-9A1E7A4F7556}") = "ProductImporter", "ProductImporter\ProductImporter.csproj", "{DBACD1D3-97FE-46B0-B370-E238237C9F00}"
EndProject
Project("{9A19103F-16F7-4668-BE54-9A1E7A4F7556}") = "ProductImporter.Model", "ProductImporter.Model\ProductImporter.Model.csproj", "{C717FBBC-07E8-4A55-AFB3-CC341AD9EBC9}"
EndProject
Project("{9A19103F-16F7-4668-BE54-9A1E7A4F7556}") = "ProductImporter.Core", "ProductImporter.Core\ProductImporter.Core.csproj", "{A13199D2-30E2-4EEA-9490-CCBEB0B95D23}"
EndProject
Project("{9A19103F-16F7-4668-BE54-9A1E7A4F7556}") = "ProductImporter.Core.Transformations", "ProductImporter.Core.Transformations\ProductImporter.Core.Transformations.csproj", "{5A6F3A48-594E-450D-8995-A55FC2232865}"
EndProject
Project("{9A19103F-16F7-4668-BE54-9A1E7A4F7556}") = "ProductImporter.CompositionRoot", "ProductImporter.CompositionRoot\ProductImporter.CompositionRoot.csproj", "{9B9C6593-FE33-4DCE-A28F-8CC0C1D24B7D}"
EndProject
Project("{2150E333-8FDC-42A3-9474-1A3956D46DE8}") = "Tests", "Tests", "{9E09D9C0-A14B-44FA-AC9F-BAEEF3CF92AF}"
EndProject
Project("{FAE04EC0-301F-11D3-BF4B-00C04F79EFBC}") = "ProductImporter.Core.Tests", "ProductImporter.Core.Tests\ProductImporter.Core.Tests.csproj", "{5AC6C306-318C-40FE-9C45-A88D5713C336}"
EndProject
Global
	GlobalSection(SolutionConfigurationPlatforms) = preSolution
		Debug|Any CPU = Debug|Any CPU
		Release|Any CPU = Release|Any CPU
	EndGlobalSection
	GlobalSection(ProjectConfigurationPlatforms) = postSolution
		{DBACD1D3-97FE-46B0-B370-E238237C9F00}.Debug|Any CPU.ActiveCfg = Debug|Any CPU
		{DBACD1D3-97FE-46B0-B370-E238237C9F00}.Debug|Any CPU.Build.0 = Debug|Any CPU
		{DBACD1D3-97FE-46B0-B370-E238237C9F00}.Release|Any CPU.ActiveCfg = Release|Any CPU
		{DBACD1D3-97FE-46B0-B370-E238237C9F00}.Release|Any CPU.Build.0 = Release|Any CPU
		{C717FBBC-07E8-4A55-AFB3-CC341AD9EBC9}.Debug|Any CPU.ActiveCfg = Debug|Any CPU
		{C717FBBC-07E8-4A55-AFB3-CC341AD9EBC9}.Debug|Any CPU.Build.0 = Debug|Any CPU
		{C717FBBC-07E8-4A55-AFB3-CC341AD9EBC9}.Release|Any CPU.ActiveCfg = Release|Any CPU
		{C717FBBC-07E8-4A55-AFB3-CC341AD9EBC9}.Release|Any CPU.Build.0 = Release|Any CPU
		{A13199D2-30E2-4EEA-9490-CCBEB0B95D23}.Debug|Any CPU.ActiveCfg = Debug|Any CPU
		{A13199D2-30E2-4EEA-9490-CCBEB0B95D23}.Debug|Any CPU.Build.0 = Debug|Any CPU
		{A13199D2-30E2-4EEA-9490-CCBEB0B95D23}.Release|Any CPU.ActiveCfg = Release|Any CPU
		{A13199D2-30E2-4EEA-9490-CCBEB0B95D23}.Release|Any CPU.Build.0 = Release|Any CPU
		{5A6F3A48-594E-450D-8995-A55FC2232865}.Debug|Any CPU.ActiveCfg = Debug|Any CPU
		{5A6F3A48-594E-450D-8995-A55FC2232865}.Debug|Any CPU.Build.0 = Debug|Any CPU
		{5A6F3A48-594E-450D-8995-A55FC2232865}.Release|Any CPU.ActiveCfg = Release|Any CPU
		{5A6F3A48-594E-450D-8995-A55FC2232865}.Release|Any CPU.Build.0 = Release|Any CPU
		{9B9C6593-FE33-4DCE-A28F-8CC0C1D24B7D}.Debug|Any CPU.ActiveCfg = Debug|Any CPU
		{9B9C6593-FE33-4DCE-A28F-8CC0C1D24B7D}.Debug|Any CPU.Build.0 = Debug|Any CPU
		{9B9C6593-FE33-4DCE-A28F-8CC0C1D24B7D}.Release|Any CPU.ActiveCfg = Release|Any CPU
		{9B9C6593-FE33-4DCE-A28F-8CC0C1D24B7D}.Release|Any CPU.Build.0 = Release|Any CPU
		{5AC6C306-318C-40FE-9C45-A88D5713C336}.Debug|Any CPU.ActiveCfg = Debug|Any CPU
		{5AC6C306-318C-40FE-9C45-A88D5713C336}.Debug|Any CPU.Build.0 = Debug|Any CPU
		{5AC6C306-318C-40FE-9C45-A88D5713C336}.Release|Any CPU.ActiveCfg = Release|Any CPU
		{5AC6C306-318C-40FE-9C45-A88D5713C336}.Release|Any CPU.Build.0 = Release|Any CPU
	EndGlobalSection
	GlobalSection(SolutionProperties) = preSolution
		HideSolutionNode = FALSE
	EndGlobalSection
	GlobalSection(NestedProjects) = preSolution
		{5AC6C306-318C-40FE-9C45-A88D5713C336} = {9E09D9C0-A14B-44FA-AC9F-BAEEF3CF92AF}
	EndGlobalSection
	GlobalSection(ExtensibilityGlobals) = postSolution
		SolutionGuid = {95055EEE-CB7C-4356-9096-10834830AAB1}
	EndGlobalSection
EndGlobal
